
Microsoft Visual Studio Solution File, Format Version 12.00
# Visual Studio 15
VisualStudioVersion = 15.0.27703.2042
MinimumVisualStudioVersion = 10.0.40219.1
Project("{9A19103F-16F7-4668-BE54-9A1E7A4F7556}") = "Everis.Teste.WebApi", "Everis.Teste.WebApi\Everis.Teste.WebApi.csproj", "{380FD53B-CE3B-44F1-B941-FBB6195CAE99}"
EndProject
Project("{9A19103F-16F7-4668-BE54-9A1E7A4F7556}") = "Everis.Teste.Application", "Everis.Teste.Application\Everis.Teste.Application.csproj", "{66C94A2A-F2EC-4371-AD3C-E2587B1CC244}"
EndProject
Project("{2150E333-8FDC-42A3-9474-1A3956D46DE8}") = "src", "src", "{E02F86EC-CE2A-4734-A6DA-3AE0BC5571EF}"
EndProject
Project("{9A19103F-16F7-4668-BE54-9A1E7A4F7556}") = "Everis.Teste.Domain", "Everis.Teste.Domain\Everis.Teste.Domain.csproj", "{3878B6FD-F6B4-4BB1-A4EA-B15305D16659}"
EndProject
Project("{9A19103F-16F7-4668-BE54-9A1E7A4F7556}") = "Everis.Teste.Infrastructure", "Everis.Teste.Infrastructure\Everis.Teste.Infrastructure.csproj", "{4D42ADB6-0716-4FA4-B5A6-9171CB486EB1}"
EndProject
Project("{2150E333-8FDC-42A3-9474-1A3956D46DE8}") = "test", "test", "{342B90CB-3471-4B36-BEDA-D36F608C09FD}"
EndProject
Project("{FAE04EC0-301F-11D3-BF4B-00C04F79EFBC}") = "Everis.Teste.Test", "Everis.Teste.Test\Everis.Teste.Test.csproj", "{FBA993AE-CC07-444E-9B43-354CEC52BBF4}"
EndProject
Global
	GlobalSection(SolutionConfigurationPlatforms) = preSolution
		Debug|Any CPU = Debug|Any CPU
		Release|Any CPU = Release|Any CPU
	EndGlobalSection
	GlobalSection(ProjectConfigurationPlatforms) = postSolution
		{380FD53B-CE3B-44F1-B941-FBB6195CAE99}.Debug|Any CPU.ActiveCfg = Debug|Any CPU
		{380FD53B-CE3B-44F1-B941-FBB6195CAE99}.Debug|Any CPU.Build.0 = Debug|Any CPU
		{380FD53B-CE3B-44F1-B941-FBB6195CAE99}.Release|Any CPU.ActiveCfg = Release|Any CPU
		{380FD53B-CE3B-44F1-B941-FBB6195CAE99}.Release|Any CPU.Build.0 = Release|Any CPU
		{66C94A2A-F2EC-4371-AD3C-E2587B1CC244}.Debug|Any CPU.ActiveCfg = Debug|Any CPU
		{66C94A2A-F2EC-4371-AD3C-E2587B1CC244}.Debug|Any CPU.Build.0 = Debug|Any CPU
		{66C94A2A-F2EC-4371-AD3C-E2587B1CC244}.Release|Any CPU.ActiveCfg = Release|Any CPU
		{66C94A2A-F2EC-4371-AD3C-E2587B1CC244}.Release|Any CPU.Build.0 = Release|Any CPU
		{3878B6FD-F6B4-4BB1-A4EA-B15305D16659}.Debug|Any CPU.ActiveCfg = Debug|Any CPU
		{3878B6FD-F6B4-4BB1-A4EA-B15305D16659}.Debug|Any CPU.Build.0 = Debug|Any CPU
		{3878B6FD-F6B4-4BB1-A4EA-B15305D16659}.Release|Any CPU.ActiveCfg = Release|Any CPU
		{3878B6FD-F6B4-4BB1-A4EA-B15305D16659}.Release|Any CPU.Build.0 = Release|Any CPU
		{4D42ADB6-0716-4FA4-B5A6-9171CB486EB1}.Debug|Any CPU.ActiveCfg = Debug|Any CPU
		{4D42ADB6-0716-4FA4-B5A6-9171CB486EB1}.Debug|Any CPU.Build.0 = Debug|Any CPU
		{4D42ADB6-0716-4FA4-B5A6-9171CB486EB1}.Release|Any CPU.ActiveCfg = Release|Any CPU
		{4D42ADB6-0716-4FA4-B5A6-9171CB486EB1}.Release|Any CPU.Build.0 = Release|Any CPU
		{FBA993AE-CC07-444E-9B43-354CEC52BBF4}.Debug|Any CPU.ActiveCfg = Debug|Any CPU
		{FBA993AE-CC07-444E-9B43-354CEC52BBF4}.Debug|Any CPU.Build.0 = Debug|Any CPU
		{FBA993AE-CC07-444E-9B43-354CEC52BBF4}.Release|Any CPU.ActiveCfg = Release|Any CPU
		{FBA993AE-CC07-444E-9B43-354CEC52BBF4}.Release|Any CPU.Build.0 = Release|Any CPU
	EndGlobalSection
	GlobalSection(SolutionProperties) = preSolution
		HideSolutionNode = FALSE
	EndGlobalSection
	GlobalSection(NestedProjects) = preSolution
		{380FD53B-CE3B-44F1-B941-FBB6195CAE99} = {E02F86EC-CE2A-4734-A6DA-3AE0BC5571EF}
		{66C94A2A-F2EC-4371-AD3C-E2587B1CC244} = {E02F86EC-CE2A-4734-A6DA-3AE0BC5571EF}
		{3878B6FD-F6B4-4BB1-A4EA-B15305D16659} = {E02F86EC-CE2A-4734-A6DA-3AE0BC5571EF}
		{4D42ADB6-0716-4FA4-B5A6-9171CB486EB1} = {E02F86EC-CE2A-4734-A6DA-3AE0BC5571EF}
		{FBA993AE-CC07-444E-9B43-354CEC52BBF4} = {342B90CB-3471-4B36-BEDA-D36F608C09FD}
	EndGlobalSection
	GlobalSection(ExtensibilityGlobals) = postSolution
		SolutionGuid = {83CB8FA4-1A91-4612-9F51-9C72EE6ABFF9}
	EndGlobalSection
EndGlobal
